
Microsoft Visual Studio Solution File, Format Version 12.00
# Visual Studio Version 16
VisualStudioVersion = 16.0.30114.105
MinimumVisualStudioVersion = 10.0.40219.1
Project("{FAE04EC0-301F-11D3-BF4B-00C04F79EFBC}") = "ConsoleAppCalculatorHttp", "ConsoleAppCalculator\ConsoleAppCalculatorHttp.csproj", "{48ECE011-79A2-42E5-B32C-062E2FE9779F}"
EndProject
Project("{FAE04EC0-301F-11D3-BF4B-00C04F79EFBC}") = "lametsy-server", "ServerCalculator\lametsy-server.csproj", "{B154743A-0D36-42EC-B8F7-09B7715D4129}"
EndProject
Global
	GlobalSection(SolutionConfigurationPlatforms) = preSolution
		Debug|Any CPU = Debug|Any CPU
		Release|Any CPU = Release|Any CPU
	EndGlobalSection
	GlobalSection(SolutionProperties) = preSolution
		HideSolutionNode = FALSE
	EndGlobalSection
	GlobalSection(ProjectConfigurationPlatforms) = postSolution
		{48ECE011-79A2-42E5-B32C-062E2FE9779F}.Debug|Any CPU.ActiveCfg = Debug|Any CPU
		{48ECE011-79A2-42E5-B32C-062E2FE9779F}.Debug|Any CPU.Build.0 = Debug|Any CPU
		{48ECE011-79A2-42E5-B32C-062E2FE9779F}.Release|Any CPU.ActiveCfg = Release|Any CPU
		{48ECE011-79A2-42E5-B32C-062E2FE9779F}.Release|Any CPU.Build.0 = Release|Any CPU
		{B154743A-0D36-42EC-B8F7-09B7715D4129}.Debug|Any CPU.ActiveCfg = Debug|Any CPU
		{B154743A-0D36-42EC-B8F7-09B7715D4129}.Debug|Any CPU.Build.0 = Debug|Any CPU
		{B154743A-0D36-42EC-B8F7-09B7715D4129}.Release|Any CPU.ActiveCfg = Release|Any CPU
		{B154743A-0D36-42EC-B8F7-09B7715D4129}.Release|Any CPU.Build.0 = Release|Any CPU
	EndGlobalSection
EndGlobal
